// !$*UTF8*$!
{
	archiveVersion = 1;
	classes = {
	};
	objectVersion = 46;
	objects = {

/* Begin PBXBuildFile section */
		2C2BE9F319D1BB1F008A60F3 /* WhatToReadItems in Resources */ = {isa = PBXBuildFile; fileRef = 2C2BE9F219D1BB1F008A60F3 /* WhatToReadItems */; };
		2C2BE9F619D1C055008A60F3 /* bcplRssFeedController.m in Sources */ = {isa = PBXBuildFile; fileRef = 2C2BE9F519D1C055008A60F3 /* bcplRssFeedController.m */; };
		2C2BE9F919D1F49B008A60F3 /* bcplRssDetailViewController.m in Sources */ = {isa = PBXBuildFile; fileRef = 2C2BE9F819D1F49B008A60F3 /* bcplRssDetailViewController.m */; };
		2C3A396219DDD3F3002C059A /* wificon.png in Resources */ = {isa = PBXBuildFile; fileRef = 2C3A396119DDD3F3002C059A /* wificon.png */; };
		2C69F4FE19D07AEC0061401C /* Foundation.framework in Frameworks */ = {isa = PBXBuildFile; fileRef = 2C69F4FD19D07AEC0061401C /* Foundation.framework */; };
		2C69F50019D07AEC0061401C /* CoreGraphics.framework in Frameworks */ = {isa = PBXBuildFile; fileRef = 2C69F4FF19D07AEC0061401C /* CoreGraphics.framework */; };
		2C69F50219D07AEC0061401C /* UIKit.framework in Frameworks */ = {isa = PBXBuildFile; fileRef = 2C69F50119D07AEC0061401C /* UIKit.framework */; };
		2C69F50819D07AEC0061401C /* InfoPlist.strings in Resources */ = {isa = PBXBuildFile; fileRef = 2C69F50619D07AEC0061401C /* InfoPlist.strings */; };
		2C69F50A19D07AEC0061401C /* main.m in Sources */ = {isa = PBXBuildFile; fileRef = 2C69F50919D07AEC0061401C /* main.m */; };
		2C69F50E19D07AEC0061401C /* bcplAppDelegate.m in Sources */ = {isa = PBXBuildFile; fileRef = 2C69F50D19D07AEC0061401C /* bcplAppDelegate.m */; };
		2C69F51119D07AEC0061401C /* Main_iPhone.storyboard in Resources */ = {isa = PBXBuildFile; fileRef = 2C69F50F19D07AEC0061401C /* Main_iPhone.storyboard */; };
		2C69F51419D07AEC0061401C /* Main_iPad.storyboard in Resources */ = {isa = PBXBuildFile; fileRef = 2C69F51219D07AEC0061401C /* Main_iPad.storyboard */; };
		2C69F51719D07AEC0061401C /* bcplMasterViewController.m in Sources */ = {isa = PBXBuildFile; fileRef = 2C69F51619D07AEC0061401C /* bcplMasterViewController.m */; };
		2C69F51A19D07AEC0061401C /* bcplDetailViewController.m in Sources */ = {isa = PBXBuildFile; fileRef = 2C69F51919D07AEC0061401C /* bcplDetailViewController.m */; };
		2C69F51C19D07AEC0061401C /* Images.xcassets in Resources */ = {isa = PBXBuildFile; fileRef = 2C69F51B19D07AEC0061401C /* Images.xcassets */; };
		2C69F52319D07AED0061401C /* XCTest.framework in Frameworks */ = {isa = PBXBuildFile; fileRef = 2C69F52219D07AED0061401C /* XCTest.framework */; };
		2C69F52419D07AED0061401C /* Foundation.framework in Frameworks */ = {isa = PBXBuildFile; fileRef = 2C69F4FD19D07AEC0061401C /* Foundation.framework */; };
		2C69F52519D07AED0061401C /* UIKit.framework in Frameworks */ = {isa = PBXBuildFile; fileRef = 2C69F50119D07AEC0061401C /* UIKit.framework */; };
		2C69F52D19D07AED0061401C /* InfoPlist.strings in Resources */ = {isa = PBXBuildFile; fileRef = 2C69F52B19D07AED0061401C /* InfoPlist.strings */; };
		2C69F52F19D07AED0061401C /* LibraryMasterDetailTests.m in Sources */ = {isa = PBXBuildFile; fileRef = 2C69F52E19D07AED0061401C /* LibraryMasterDetailTests.m */; };
		2C69F53A19D07CC10061401C /* RSSEntry.m in Sources */ = {isa = PBXBuildFile; fileRef = 2C69F53919D07CC10061401C /* RSSEntry.m */; };
		2C69F53F19D07E900061401C /* HTMLNode.m in Sources */ = {isa = PBXBuildFile; fileRef = 2C69F53C19D07E900061401C /* HTMLNode.m */; };
		2C69F54019D07E900061401C /* HTMLParser.m in Sources */ = {isa = PBXBuildFile; fileRef = 2C69F53E19D07E900061401C /* HTMLParser.m */; };
		2C69F54219D07EBD0061401C /* libxml2.dylib in Frameworks */ = {isa = PBXBuildFile; fileRef = 2C69F54119D07EBD0061401C /* libxml2.dylib */; };
		2C69F58F19D0A7E60061401C /* bcplSubMenuViewController.m in Sources */ = {isa = PBXBuildFile; fileRef = 2C69F58E19D0A7E60061401C /* bcplSubMenuViewController.m */; };
		2C76493319D3683D004A9575 /* bcplEventBranchesViewController.m in Sources */ = {isa = PBXBuildFile; fileRef = 2C76493219D3683D004A9575 /* bcplEventBranchesViewController.m */; };
		2C8176D519DB3A97003F6147 /* bcplProgress.m in Sources */ = {isa = PBXBuildFile; fileRef = 2C8176D419DB3A97003F6147 /* bcplProgress.m */; };
		2CA3101E19D5BBAD006AF451 /* lib-main.png in Resources */ = {isa = PBXBuildFile; fileRef = 2CA3101D19D5BBAD006AF451 /* lib-main.png */; };
		2CA85A4019D48D9900B3A694 /* bcplEventFeedViewController.m in Sources */ = {isa = PBXBuildFile; fileRef = 2CA85A3F19D48D9900B3A694 /* bcplEventFeedViewController.m */; };
		2CB9A6B619D98EC800878DB4 /* lib-gradient.png in Resources */ = {isa = PBXBuildFile; fileRef = 2CB9A6B519D98EC800878DB4 /* lib-gradient.png */; };
		2CB9A6B819D995BA00878DB4 /* lib-logo.png in Resources */ = {isa = PBXBuildFile; fileRef = 2CB9A6B719D995BA00878DB4 /* lib-logo.png */; };
		2CED19F519E30790006DE305 /* bcplMobileTools.m in Sources */ = {isa = PBXBuildFile; fileRef = 2CED19F419E30790006DE305 /* bcplMobileTools.m */; };
		2CFEF62119E31DBF00746C36 /* bcpliTunesController.m in Sources */ = {isa = PBXBuildFile; fileRef = 2CFEF62019E31DBF00746C36 /* bcpliTunesController.m */; };
		F52AE2CA460DAF377F4F1427 /* libPods-LibraryMasterDetail.a in Frameworks */ = {isa = PBXBuildFile; fileRef = 0A18D5ECCD532CE4AA013A4E /* libPods-LibraryMasterDetail.a */; };
/* End PBXBuildFile section */

/* Begin PBXContainerItemProxy section */
		2C69F52619D07AED0061401C /* PBXContainerItemProxy */ = {
			isa = PBXContainerItemProxy;
			containerPortal = 2C69F4F219D07AEC0061401C /* Project object */;
			proxyType = 1;
			remoteGlobalIDString = 2C69F4F919D07AEC0061401C;
			remoteInfo = LibraryMasterDetail;
		};
/* End PBXContainerItemProxy section */

/* Begin PBXFileReference section */
		0A18D5ECCD532CE4AA013A4E /* libPods-LibraryMasterDetail.a */ = {isa = PBXFileReference; explicitFileType = archive.ar; includeInIndex = 0; path = "libPods-LibraryMasterDetail.a"; sourceTree = BUILT_PRODUCTS_DIR; };
		2C2BE9F219D1BB1F008A60F3 /* WhatToReadItems */ = {isa = PBXFileReference; fileEncoding = 4; lastKnownFileType = text; path = WhatToReadItems; sourceTree = "<group>"; };
		2C2BE9F419D1C055008A60F3 /* bcplRssFeedController.h */ = {isa = PBXFileReference; fileEncoding = 4; lastKnownFileType = sourcecode.c.h; path = bcplRssFeedController.h; sourceTree = "<group>"; };
		2C2BE9F519D1C055008A60F3 /* bcplRssFeedController.m */ = {isa = PBXFileReference; fileEncoding = 4; lastKnownFileType = sourcecode.c.objc; path = bcplRssFeedController.m; sourceTree = "<group>"; };
		2C2BE9F719D1F49B008A60F3 /* bcplRssDetailViewController.h */ = {isa = PBXFileReference; fileEncoding = 4; lastKnownFileType = sourcecode.c.h; path = bcplRssDetailViewController.h; sourceTree = "<group>"; };
		2C2BE9F819D1F49B008A60F3 /* bcplRssDetailViewController.m */ = {isa = PBXFileReference; fileEncoding = 4; lastKnownFileType = sourcecode.c.objc; path = bcplRssDetailViewController.m; sourceTree = "<group>"; };
		2C3A396119DDD3F3002C059A /* wificon.png */ = {isa = PBXFileReference; lastKnownFileType = image.png; path = wificon.png; sourceTree = "<group>"; };
		2C69F4FA19D07AEC0061401C /* BCPL.app */ = {isa = PBXFileReference; explicitFileType = wrapper.application; includeInIndex = 0; path = BCPL.app; sourceTree = BUILT_PRODUCTS_DIR; };
		2C69F4FD19D07AEC0061401C /* Foundation.framework */ = {isa = PBXFileReference; lastKnownFileType = wrapper.framework; name = Foundation.framework; path = System/Library/Frameworks/Foundation.framework; sourceTree = SDKROOT; };
		2C69F4FF19D07AEC0061401C /* CoreGraphics.framework */ = {isa = PBXFileReference; lastKnownFileType = wrapper.framework; name = CoreGraphics.framework; path = System/Library/Frameworks/CoreGraphics.framework; sourceTree = SDKROOT; };
		2C69F50119D07AEC0061401C /* UIKit.framework */ = {isa = PBXFileReference; lastKnownFileType = wrapper.framework; name = UIKit.framework; path = System/Library/Frameworks/UIKit.framework; sourceTree = SDKROOT; };
		2C69F50519D07AEC0061401C /* LibraryMasterDetail-Info.plist */ = {isa = PBXFileReference; lastKnownFileType = text.plist.xml; path = "LibraryMasterDetail-Info.plist"; sourceTree = "<group>"; };
		2C69F50719D07AEC0061401C /* en */ = {isa = PBXFileReference; lastKnownFileType = text.plist.strings; name = en; path = en.lproj/InfoPlist.strings; sourceTree = "<group>"; };
		2C69F50919D07AEC0061401C /* main.m */ = {isa = PBXFileReference; lastKnownFileType = sourcecode.c.objc; path = main.m; sourceTree = "<group>"; };
		2C69F50B19D07AEC0061401C /* LibraryMasterDetail-Prefix.pch */ = {isa = PBXFileReference; lastKnownFileType = sourcecode.c.h; path = "LibraryMasterDetail-Prefix.pch"; sourceTree = "<group>"; };
		2C69F50C19D07AEC0061401C /* bcplAppDelegate.h */ = {isa = PBXFileReference; lastKnownFileType = sourcecode.c.h; path = bcplAppDelegate.h; sourceTree = "<group>"; };
		2C69F50D19D07AEC0061401C /* bcplAppDelegate.m */ = {isa = PBXFileReference; lastKnownFileType = sourcecode.c.objc; path = bcplAppDelegate.m; sourceTree = "<group>"; };
		2C69F51019D07AEC0061401C /* Base */ = {isa = PBXFileReference; lastKnownFileType = file.storyboard; name = Base; path = Base.lproj/Main_iPhone.storyboard; sourceTree = "<group>"; };
		2C69F51319D07AEC0061401C /* Base */ = {isa = PBXFileReference; lastKnownFileType = file.storyboard; name = Base; path = Base.lproj/Main_iPad.storyboard; sourceTree = "<group>"; };
		2C69F51519D07AEC0061401C /* bcplMasterViewController.h */ = {isa = PBXFileReference; lastKnownFileType = sourcecode.c.h; path = bcplMasterViewController.h; sourceTree = "<group>"; };
		2C69F51619D07AEC0061401C /* bcplMasterViewController.m */ = {isa = PBXFileReference; lastKnownFileType = sourcecode.c.objc; path = bcplMasterViewController.m; sourceTree = "<group>"; };
		2C69F51819D07AEC0061401C /* bcplDetailViewController.h */ = {isa = PBXFileReference; lastKnownFileType = sourcecode.c.h; path = bcplDetailViewController.h; sourceTree = "<group>"; };
		2C69F51919D07AEC0061401C /* bcplDetailViewController.m */ = {isa = PBXFileReference; lastKnownFileType = sourcecode.c.objc; path = bcplDetailViewController.m; sourceTree = "<group>"; };
		2C69F51B19D07AEC0061401C /* Images.xcassets */ = {isa = PBXFileReference; lastKnownFileType = folder.assetcatalog; path = Images.xcassets; sourceTree = "<group>"; };
		2C69F52119D07AED0061401C /* LibraryMasterDetailTests.xctest */ = {isa = PBXFileReference; explicitFileType = wrapper.cfbundle; includeInIndex = 0; path = LibraryMasterDetailTests.xctest; sourceTree = BUILT_PRODUCTS_DIR; };
		2C69F52219D07AED0061401C /* XCTest.framework */ = {isa = PBXFileReference; lastKnownFileType = wrapper.framework; name = XCTest.framework; path = Library/Frameworks/XCTest.framework; sourceTree = DEVELOPER_DIR; };
		2C69F52A19D07AED0061401C /* LibraryMasterDetailTests-Info.plist */ = {isa = PBXFileReference; lastKnownFileType = text.plist.xml; path = "LibraryMasterDetailTests-Info.plist"; sourceTree = "<group>"; };
		2C69F52C19D07AED0061401C /* en */ = {isa = PBXFileReference; lastKnownFileType = text.plist.strings; name = en; path = en.lproj/InfoPlist.strings; sourceTree = "<group>"; };
		2C69F52E19D07AED0061401C /* LibraryMasterDetailTests.m */ = {isa = PBXFileReference; lastKnownFileType = sourcecode.c.objc; path = LibraryMasterDetailTests.m; sourceTree = "<group>"; };
		2C69F53819D07CC10061401C /* RSSEntry.h */ = {isa = PBXFileReference; fileEncoding = 4; lastKnownFileType = sourcecode.c.h; name = RSSEntry.h; path = ../../RssPrototype/RssPrototype/RSSEntry.h; sourceTree = "<group>"; };
		2C69F53919D07CC10061401C /* RSSEntry.m */ = {isa = PBXFileReference; fileEncoding = 4; lastKnownFileType = sourcecode.c.objc; name = RSSEntry.m; path = ../../RssPrototype/RssPrototype/RSSEntry.m; sourceTree = "<group>"; };
		2C69F53B19D07E900061401C /* HTMLNode.h */ = {isa = PBXFileReference; fileEncoding = 4; lastKnownFileType = sourcecode.c.h; name = HTMLNode.h; path = "../../RssPrototype/RssPrototype/Objective-C-HMTL-Parser/HTMLNode.h"; sourceTree = "<group>"; };
		2C69F53C19D07E900061401C /* HTMLNode.m */ = {isa = PBXFileReference; fileEncoding = 4; lastKnownFileType = sourcecode.c.objc; name = HTMLNode.m; path = "../../RssPrototype/RssPrototype/Objective-C-HMTL-Parser/HTMLNode.m"; sourceTree = "<group>"; };
		2C69F53D19D07E900061401C /* HTMLParser.h */ = {isa = PBXFileReference; fileEncoding = 4; lastKnownFileType = sourcecode.c.h; name = HTMLParser.h; path = "../../RssPrototype/RssPrototype/Objective-C-HMTL-Parser/HTMLParser.h"; sourceTree = "<group>"; };
		2C69F53E19D07E900061401C /* HTMLParser.m */ = {isa = PBXFileReference; fileEncoding = 4; lastKnownFileType = sourcecode.c.objc; name = HTMLParser.m; path = "../../RssPrototype/RssPrototype/Objective-C-HMTL-Parser/HTMLParser.m"; sourceTree = "<group>"; };
		2C69F54119D07EBD0061401C /* libxml2.dylib */ = {isa = PBXFileReference; lastKnownFileType = "compiled.mach-o.dylib"; name = libxml2.dylib; path = usr/lib/libxml2.dylib; sourceTree = SDKROOT; };
		2C69F58D19D0A7E60061401C /* bcplSubMenuViewController.h */ = {isa = PBXFileReference; fileEncoding = 4; lastKnownFileType = sourcecode.c.h; path = bcplSubMenuViewController.h; sourceTree = "<group>"; };
		2C69F58E19D0A7E60061401C /* bcplSubMenuViewController.m */ = {isa = PBXFileReference; fileEncoding = 4; lastKnownFileType = sourcecode.c.objc; path = bcplSubMenuViewController.m; sourceTree = "<group>"; };
		2C76493119D3683D004A9575 /* bcplEventBranchesViewController.h */ = {isa = PBXFileReference; fileEncoding = 4; lastKnownFileType = sourcecode.c.h; path = bcplEventBranchesViewController.h; sourceTree = "<group>"; };
		2C76493219D3683D004A9575 /* bcplEventBranchesViewController.m */ = {isa = PBXFileReference; fileEncoding = 4; lastKnownFileType = sourcecode.c.objc; path = bcplEventBranchesViewController.m; sourceTree = "<group>"; };
		2C8176D319DB3A97003F6147 /* bcplProgress.h */ = {isa = PBXFileReference; fileEncoding = 4; lastKnownFileType = sourcecode.c.h; path = bcplProgress.h; sourceTree = "<group>"; };
		2C8176D419DB3A97003F6147 /* bcplProgress.m */ = {isa = PBXFileReference; fileEncoding = 4; lastKnownFileType = sourcecode.c.objc; path = bcplProgress.m; sourceTree = "<group>"; };
		2CA3101D19D5BBAD006AF451 /* lib-main.png */ = {isa = PBXFileReference; lastKnownFileType = image.png; path = "lib-main.png"; sourceTree = "<group>"; };
		2CA85A3E19D48D9900B3A694 /* bcplEventFeedViewController.h */ = {isa = PBXFileReference; fileEncoding = 4; lastKnownFileType = sourcecode.c.h; path = bcplEventFeedViewController.h; sourceTree = "<group>"; };
		2CA85A3F19D48D9900B3A694 /* bcplEventFeedViewController.m */ = {isa = PBXFileReference; fileEncoding = 4; lastKnownFileType = sourcecode.c.objc; path = bcplEventFeedViewController.m; sourceTree = "<group>"; };
		2CB9A6B519D98EC800878DB4 /* lib-gradient.png */ = {isa = PBXFileReference; lastKnownFileType = image.png; path = "lib-gradient.png"; sourceTree = "<group>"; };
		2CB9A6B719D995BA00878DB4 /* lib-logo.png */ = {isa = PBXFileReference; lastKnownFileType = image.png; path = "lib-logo.png"; sourceTree = "<group>"; };
		2CED19F319E30790006DE305 /* bcplMobileTools.h */ = {isa = PBXFileReference; fileEncoding = 4; lastKnownFileType = sourcecode.c.h; path = bcplMobileTools.h; sourceTree = "<group>"; };
		2CED19F419E30790006DE305 /* bcplMobileTools.m */ = {isa = PBXFileReference; fileEncoding = 4; lastKnownFileType = sourcecode.c.objc; path = bcplMobileTools.m; sourceTree = "<group>"; };
		2CFEF61F19E31DBF00746C36 /* bcpliTunesController.h */ = {isa = PBXFileReference; fileEncoding = 4; lastKnownFileType = sourcecode.c.h; path = bcpliTunesController.h; sourceTree = "<group>"; };
		2CFEF62019E31DBF00746C36 /* bcpliTunesController.m */ = {isa = PBXFileReference; fileEncoding = 4; lastKnownFileType = sourcecode.c.objc; path = bcpliTunesController.m; sourceTree = "<group>"; };
		595F01248467067C6B127EA2 /* Pods-LibraryMasterDetail.release.xcconfig */ = {isa = PBXFileReference; includeInIndex = 1; lastKnownFileType = text.xcconfig; name = "Pods-LibraryMasterDetail.release.xcconfig"; path = "Pods/Target Support Files/Pods-LibraryMasterDetail/Pods-LibraryMasterDetail.release.xcconfig"; sourceTree = "<group>"; };
		77E8646BC1F46F05F11EA519 /* Pods-LibraryMasterDetail.debug.xcconfig */ = {isa = PBXFileReference; includeInIndex = 1; lastKnownFileType = text.xcconfig; name = "Pods-LibraryMasterDetail.debug.xcconfig"; path = "Pods/Target Support Files/Pods-LibraryMasterDetail/Pods-LibraryMasterDetail.debug.xcconfig"; sourceTree = "<group>"; };
/* End PBXFileReference section */

/* Begin PBXFrameworksBuildPhase section */
		2C69F4F719D07AEC0061401C /* Frameworks */ = {
			isa = PBXFrameworksBuildPhase;
			buildActionMask = 2147483647;
			files = (
				2C69F54219D07EBD0061401C /* libxml2.dylib in Frameworks */,
				2C69F50019D07AEC0061401C /* CoreGraphics.framework in Frameworks */,
				2C69F50219D07AEC0061401C /* UIKit.framework in Frameworks */,
				2C69F4FE19D07AEC0061401C /* Foundation.framework in Frameworks */,
				F52AE2CA460DAF377F4F1427 /* libPods-LibraryMasterDetail.a in Frameworks */,
			);
			runOnlyForDeploymentPostprocessing = 0;
		};
		2C69F51E19D07AED0061401C /* Frameworks */ = {
			isa = PBXFrameworksBuildPhase;
			buildActionMask = 2147483647;
			files = (
				2C69F52319D07AED0061401C /* XCTest.framework in Frameworks */,
				2C69F52519D07AED0061401C /* UIKit.framework in Frameworks */,
				2C69F52419D07AED0061401C /* Foundation.framework in Frameworks */,
			);
			runOnlyForDeploymentPostprocessing = 0;
		};
/* End PBXFrameworksBuildPhase section */

/* Begin PBXGroup section */
		2C69F4F119D07AEC0061401C = {
			isa = PBXGroup;
			children = (
				2C69F50319D07AEC0061401C /* LibraryMasterDetail */,
				2C69F52819D07AED0061401C /* LibraryMasterDetailTests */,
				2C69F4FC19D07AEC0061401C /* Frameworks */,
				2C69F4FB19D07AEC0061401C /* Products */,
				5258F153650F95C44789A08E /* Pods */,
			);
			sourceTree = "<group>";
		};
		2C69F4FB19D07AEC0061401C /* Products */ = {
			isa = PBXGroup;
			children = (
				2C69F4FA19D07AEC0061401C /* BCPL.app */,
				2C69F52119D07AED0061401C /* LibraryMasterDetailTests.xctest */,
			);
			name = Products;
			sourceTree = "<group>";
		};
		2C69F4FC19D07AEC0061401C /* Frameworks */ = {
			isa = PBXGroup;
			children = (
				2C69F54119D07EBD0061401C /* libxml2.dylib */,
				2C69F4FD19D07AEC0061401C /* Foundation.framework */,
				2C69F4FF19D07AEC0061401C /* CoreGraphics.framework */,
				2C69F50119D07AEC0061401C /* UIKit.framework */,
				2C69F52219D07AED0061401C /* XCTest.framework */,
				0A18D5ECCD532CE4AA013A4E /* libPods-LibraryMasterDetail.a */,
			);
			name = Frameworks;
			sourceTree = "<group>";
		};
		2C69F50319D07AEC0061401C /* LibraryMasterDetail */ = {
			isa = PBXGroup;
			children = (
				2C3A396119DDD3F3002C059A /* wificon.png */,
				2CB9A6B719D995BA00878DB4 /* lib-logo.png */,
				2CB9A6B519D98EC800878DB4 /* lib-gradient.png */,
				2CA3101D19D5BBAD006AF451 /* lib-main.png */,
				2C69F53B19D07E900061401C /* HTMLNode.h */,
				2C69F53C19D07E900061401C /* HTMLNode.m */,
				2C69F53D19D07E900061401C /* HTMLParser.h */,
				2C69F53E19D07E900061401C /* HTMLParser.m */,
				2C69F53819D07CC10061401C /* RSSEntry.h */,
				2C69F53919D07CC10061401C /* RSSEntry.m */,
				2C69F50C19D07AEC0061401C /* bcplAppDelegate.h */,
				2C69F50D19D07AEC0061401C /* bcplAppDelegate.m */,
				2C69F50F19D07AEC0061401C /* Main_iPhone.storyboard */,
				2C69F51219D07AEC0061401C /* Main_iPad.storyboard */,
				2C69F51519D07AEC0061401C /* bcplMasterViewController.h */,
				2C69F51619D07AEC0061401C /* bcplMasterViewController.m */,
				2C69F51819D07AEC0061401C /* bcplDetailViewController.h */,
				2C69F51919D07AEC0061401C /* bcplDetailViewController.m */,
				2C69F51B19D07AEC0061401C /* Images.xcassets */,
				2C69F50419D07AEC0061401C /* Supporting Files */,
				2C69F58D19D0A7E60061401C /* bcplSubMenuViewController.h */,
				2C69F58E19D0A7E60061401C /* bcplSubMenuViewController.m */,
				2C2BE9F219D1BB1F008A60F3 /* WhatToReadItems */,
				2C2BE9F419D1C055008A60F3 /* bcplRssFeedController.h */,
				2C2BE9F519D1C055008A60F3 /* bcplRssFeedController.m */,
				2C2BE9F719D1F49B008A60F3 /* bcplRssDetailViewController.h */,
				2C2BE9F819D1F49B008A60F3 /* bcplRssDetailViewController.m */,
				2C76493119D3683D004A9575 /* bcplEventBranchesViewController.h */,
				2C76493219D3683D004A9575 /* bcplEventBranchesViewController.m */,
				2CA85A3E19D48D9900B3A694 /* bcplEventFeedViewController.h */,
				2CA85A3F19D48D9900B3A694 /* bcplEventFeedViewController.m */,
				2C8176D319DB3A97003F6147 /* bcplProgress.h */,
				2C8176D419DB3A97003F6147 /* bcplProgress.m */,
				2CED19F319E30790006DE305 /* bcplMobileTools.h */,
				2CED19F419E30790006DE305 /* bcplMobileTools.m */,
				2CFEF61F19E31DBF00746C36 /* bcpliTunesController.h */,
				2CFEF62019E31DBF00746C36 /* bcpliTunesController.m */,
			);
			path = LibraryMasterDetail;
			sourceTree = "<group>";
		};
		2C69F50419D07AEC0061401C /* Supporting Files */ = {
			isa = PBXGroup;
			children = (
				2C69F50519D07AEC0061401C /* LibraryMasterDetail-Info.plist */,
				2C69F50619D07AEC0061401C /* InfoPlist.strings */,
				2C69F50919D07AEC0061401C /* main.m */,
				2C69F50B19D07AEC0061401C /* LibraryMasterDetail-Prefix.pch */,
			);
			name = "Supporting Files";
			sourceTree = "<group>";
		};
		2C69F52819D07AED0061401C /* LibraryMasterDetailTests */ = {
			isa = PBXGroup;
			children = (
				2C69F52E19D07AED0061401C /* LibraryMasterDetailTests.m */,
				2C69F52919D07AED0061401C /* Supporting Files */,
			);
			path = LibraryMasterDetailTests;
			sourceTree = "<group>";
		};
		2C69F52919D07AED0061401C /* Supporting Files */ = {
			isa = PBXGroup;
			children = (
				2C69F52A19D07AED0061401C /* LibraryMasterDetailTests-Info.plist */,
				2C69F52B19D07AED0061401C /* InfoPlist.strings */,
			);
			name = "Supporting Files";
			sourceTree = "<group>";
		};
		5258F153650F95C44789A08E /* Pods */ = {
			isa = PBXGroup;
			children = (
				77E8646BC1F46F05F11EA519 /* Pods-LibraryMasterDetail.debug.xcconfig */,
				595F01248467067C6B127EA2 /* Pods-LibraryMasterDetail.release.xcconfig */,
			);
			name = Pods;
			sourceTree = "<group>";
		};
/* End PBXGroup section */

/* Begin PBXNativeTarget section */
		2C69F4F919D07AEC0061401C /* LibraryMasterDetail */ = {
			isa = PBXNativeTarget;
			buildConfigurationList = 2C69F53219D07AED0061401C /* Build configuration list for PBXNativeTarget "LibraryMasterDetail" */;
			buildPhases = (
				0F4B2B8DCD4B2DAD0B048358 /* Check Pods Manifest.lock */,
				2C69F4F619D07AEC0061401C /* Sources */,
				2C69F4F719D07AEC0061401C /* Frameworks */,
				2C69F4F819D07AEC0061401C /* Resources */,
				7976BAB4D649EBE90417422A /* Copy Pods Resources */,
			);
			buildRules = (
			);
			dependencies = (
			);
			name = LibraryMasterDetail;
			productName = LibraryMasterDetail;
			productReference = 2C69F4FA19D07AEC0061401C /* BCPL.app */;
			productType = "com.apple.product-type.application";
		};
		2C69F52019D07AED0061401C /* LibraryMasterDetailTests */ = {
			isa = PBXNativeTarget;
			buildConfigurationList = 2C69F53519D07AED0061401C /* Build configuration list for PBXNativeTarget "LibraryMasterDetailTests" */;
			buildPhases = (
				2C69F51D19D07AED0061401C /* Sources */,
				2C69F51E19D07AED0061401C /* Frameworks */,
				2C69F51F19D07AED0061401C /* Resources */,
			);
			buildRules = (
			);
			dependencies = (
				2C69F52719D07AED0061401C /* PBXTargetDependency */,
			);
			name = LibraryMasterDetailTests;
			productName = LibraryMasterDetailTests;
			productReference = 2C69F52119D07AED0061401C /* LibraryMasterDetailTests.xctest */;
			productType = "com.apple.product-type.bundle.unit-test";
		};
/* End PBXNativeTarget section */

/* Begin PBXProject section */
		2C69F4F219D07AEC0061401C /* Project object */ = {
			isa = PBXProject;
			attributes = {
				CLASSPREFIX = bcpl;
				LastUpgradeCheck = 0510;
				ORGANIZATIONNAME = "___martypowell___";
				TargetAttributes = {
					2C69F4F919D07AEC0061401C = {
						DevelopmentTeam = 7BDQPT7T4B;
					};
					2C69F52019D07AED0061401C = {
						TestTargetID = 2C69F4F919D07AEC0061401C;
					};
				};
			};
			buildConfigurationList = 2C69F4F519D07AEC0061401C /* Build configuration list for PBXProject "LibraryMasterDetail" */;
			compatibilityVersion = "Xcode 3.2";
			developmentRegion = English;
			hasScannedForEncodings = 0;
			knownRegions = (
				en,
				Base,
			);
			mainGroup = 2C69F4F119D07AEC0061401C;
			productRefGroup = 2C69F4FB19D07AEC0061401C /* Products */;
			projectDirPath = "";
			projectRoot = "";
			targets = (
				2C69F4F919D07AEC0061401C /* LibraryMasterDetail */,
				2C69F52019D07AED0061401C /* LibraryMasterDetailTests */,
			);
		};
/* End PBXProject section */

/* Begin PBXResourcesBuildPhase section */
		2C69F4F819D07AEC0061401C /* Resources */ = {
			isa = PBXResourcesBuildPhase;
			buildActionMask = 2147483647;
			files = (
				2C3A396219DDD3F3002C059A /* wificon.png in Resources */,
				2C69F51419D07AEC0061401C /* Main_iPad.storyboard in Resources */,
				2CB9A6B619D98EC800878DB4 /* lib-gradient.png in Resources */,
				2C69F51C19D07AEC0061401C /* Images.xcassets in Resources */,
				2CA3101E19D5BBAD006AF451 /* lib-main.png in Resources */,
				2CB9A6B819D995BA00878DB4 /* lib-logo.png in Resources */,
				2C69F51119D07AEC0061401C /* Main_iPhone.storyboard in Resources */,
				2C69F50819D07AEC0061401C /* InfoPlist.strings in Resources */,
				2C2BE9F319D1BB1F008A60F3 /* WhatToReadItems in Resources */,
			);
			runOnlyForDeploymentPostprocessing = 0;
		};
		2C69F51F19D07AED0061401C /* Resources */ = {
			isa = PBXResourcesBuildPhase;
			buildActionMask = 2147483647;
			files = (
				2C69F52D19D07AED0061401C /* InfoPlist.strings in Resources */,
			);
			runOnlyForDeploymentPostprocessing = 0;
		};
/* End PBXResourcesBuildPhase section */

/* Begin PBXShellScriptBuildPhase section */
		0F4B2B8DCD4B2DAD0B048358 /* Check Pods Manifest.lock */ = {
			isa = PBXShellScriptBuildPhase;
			buildActionMask = 2147483647;
			files = (
			);
			inputPaths = (
			);
			name = "Check Pods Manifest.lock";
			outputPaths = (
			);
			runOnlyForDeploymentPostprocessing = 0;
			shellPath = /bin/sh;
			shellScript = "diff \"${PODS_ROOT}/../Podfile.lock\" \"${PODS_ROOT}/Manifest.lock\" > /dev/null\nif [[ $? != 0 ]] ; then\n    cat << EOM\nerror: The sandbox is not in sync with the Podfile.lock. Run 'pod install' or update your CocoaPods installation.\nEOM\n    exit 1\nfi\n";
			showEnvVarsInLog = 0;
		};
		7976BAB4D649EBE90417422A /* Copy Pods Resources */ = {
			isa = PBXShellScriptBuildPhase;
			buildActionMask = 2147483647;
			files = (
			);
			inputPaths = (
			);
			name = "Copy Pods Resources";
			outputPaths = (
			);
			runOnlyForDeploymentPostprocessing = 0;
			shellPath = /bin/sh;
			shellScript = "\"${SRCROOT}/Pods/Target Support Files/Pods-LibraryMasterDetail/Pods-LibraryMasterDetail-resources.sh\"\n";
			showEnvVarsInLog = 0;
		};
/* End PBXShellScriptBuildPhase section */

/* Begin PBXSourcesBuildPhase section */
		2C69F4F619D07AEC0061401C /* Sources */ = {
			isa = PBXSourcesBuildPhase;
			buildActionMask = 2147483647;
			files = (
				2C69F51A19D07AEC0061401C /* bcplDetailViewController.m in Sources */,
				2C76493319D3683D004A9575 /* bcplEventBranchesViewController.m in Sources */,
				2C69F58F19D0A7E60061401C /* bcplSubMenuViewController.m in Sources */,
				2C69F50A19D07AEC0061401C /* main.m in Sources */,
				2C69F53F19D07E900061401C /* HTMLNode.m in Sources */,
				2C2BE9F619D1C055008A60F3 /* bcplRssFeedController.m in Sources */,
				2CA85A4019D48D9900B3A694 /* bcplEventFeedViewController.m in Sources */,
				2C69F50E19D07AEC0061401C /* bcplAppDelegate.m in Sources */,
				2C69F51719D07AEC0061401C /* bcplMasterViewController.m in Sources */,
				2C8176D519DB3A97003F6147 /* bcplProgress.m in Sources */,
				2CFEF62119E31DBF00746C36 /* bcpliTunesController.m in Sources */,
				2CED19F519E30790006DE305 /* bcplMobileTools.m in Sources */,
				2C69F54019D07E900061401C /* HTMLParser.m in Sources */,
				2C69F53A19D07CC10061401C /* RSSEntry.m in Sources */,
				2C2BE9F919D1F49B008A60F3 /* bcplRssDetailViewController.m in Sources */,
			);
			runOnlyForDeploymentPostprocessing = 0;
		};
		2C69F51D19D07AED0061401C /* Sources */ = {
			isa = PBXSourcesBuildPhase;
			buildActionMask = 2147483647;
			files = (
				2C69F52F19D07AED0061401C /* LibraryMasterDetailTests.m in Sources */,
			);
			runOnlyForDeploymentPostprocessing = 0;
		};
/* End PBXSourcesBuildPhase section */

/* Begin PBXTargetDependency section */
		2C69F52719D07AED0061401C /* PBXTargetDependency */ = {
			isa = PBXTargetDependency;
			target = 2C69F4F919D07AEC0061401C /* LibraryMasterDetail */;
			targetProxy = 2C69F52619D07AED0061401C /* PBXContainerItemProxy */;
		};
/* End PBXTargetDependency section */

/* Begin PBXVariantGroup section */
		2C69F50619D07AEC0061401C /* InfoPlist.strings */ = {
			isa = PBXVariantGroup;
			children = (
				2C69F50719D07AEC0061401C /* en */,
			);
			name = InfoPlist.strings;
			sourceTree = "<group>";
		};
		2C69F50F19D07AEC0061401C /* Main_iPhone.storyboard */ = {
			isa = PBXVariantGroup;
			children = (
				2C69F51019D07AEC0061401C /* Base */,
			);
			name = Main_iPhone.storyboard;
			sourceTree = "<group>";
		};
		2C69F51219D07AEC0061401C /* Main_iPad.storyboard */ = {
			isa = PBXVariantGroup;
			children = (
				2C69F51319D07AEC0061401C /* Base */,
			);
			name = Main_iPad.storyboard;
			sourceTree = "<group>";
		};
		2C69F52B19D07AED0061401C /* InfoPlist.strings */ = {
			isa = PBXVariantGroup;
			children = (
				2C69F52C19D07AED0061401C /* en */,
			);
			name = InfoPlist.strings;
			sourceTree = "<group>";
		};
/* End PBXVariantGroup section */

/* Begin XCBuildConfiguration section */
		2C69F53019D07AED0061401C /* Debug */ = {
			isa = XCBuildConfiguration;
			buildSettings = {
				ALWAYS_SEARCH_USER_PATHS = NO;
				CLANG_CXX_LANGUAGE_STANDARD = "gnu++0x";
				CLANG_CXX_LIBRARY = "libc++";
				CLANG_ENABLE_MODULES = YES;
				CLANG_ENABLE_OBJC_ARC = YES;
				CLANG_WARN_BOOL_CONVERSION = YES;
				CLANG_WARN_CONSTANT_CONVERSION = YES;
				CLANG_WARN_DIRECT_OBJC_ISA_USAGE = YES_ERROR;
				CLANG_WARN_EMPTY_BODY = YES;
				CLANG_WARN_ENUM_CONVERSION = YES;
				CLANG_WARN_INT_CONVERSION = YES;
				CLANG_WARN_OBJC_ROOT_CLASS = YES_ERROR;
				CLANG_WARN__DUPLICATE_METHOD_MATCH = YES;
				"CODE_SIGN_IDENTITY[sdk=iphoneos*]" = "iPhone Developer";
				COPY_PHASE_STRIP = NO;
				GCC_C_LANGUAGE_STANDARD = gnu99;
				GCC_DYNAMIC_NO_PIC = NO;
				GCC_OPTIMIZATION_LEVEL = 0;
				GCC_PREPROCESSOR_DEFINITIONS = (
					"DEBUG=1",
					"$(inherited)",
				);
				GCC_SYMBOLS_PRIVATE_EXTERN = NO;
				GCC_WARN_64_TO_32_BIT_CONVERSION = YES;
				GCC_WARN_ABOUT_RETURN_TYPE = YES_ERROR;
				GCC_WARN_UNDECLARED_SELECTOR = YES;
				GCC_WARN_UNINITIALIZED_AUTOS = YES_AGGRESSIVE;
				GCC_WARN_UNUSED_FUNCTION = YES;
				GCC_WARN_UNUSED_VARIABLE = YES;
				IPHONEOS_DEPLOYMENT_TARGET = 7.1;
				ONLY_ACTIVE_ARCH = YES;
				SDKROOT = iphoneos;
				TARGETED_DEVICE_FAMILY = "1,2";
			};
			name = Debug;
		};
		2C69F53119D07AED0061401C /* Release */ = {
			isa = XCBuildConfiguration;
			buildSettings = {
				ALWAYS_SEARCH_USER_PATHS = NO;
				CLANG_CXX_LANGUAGE_STANDARD = "gnu++0x";
				CLANG_CXX_LIBRARY = "libc++";
				CLANG_ENABLE_MODULES = YES;
				CLANG_ENABLE_OBJC_ARC = YES;
				CLANG_WARN_BOOL_CONVERSION = YES;
				CLANG_WARN_CONSTANT_CONVERSION = YES;
				CLANG_WARN_DIRECT_OBJC_ISA_USAGE = YES_ERROR;
				CLANG_WARN_EMPTY_BODY = YES;
				CLANG_WARN_ENUM_CONVERSION = YES;
				CLANG_WARN_INT_CONVERSION = YES;
				CLANG_WARN_OBJC_ROOT_CLASS = YES_ERROR;
				CLANG_WARN__DUPLICATE_METHOD_MATCH = YES;
				"CODE_SIGN_IDENTITY[sdk=iphoneos*]" = "iPhone Developer";
				COPY_PHASE_STRIP = YES;
				ENABLE_NS_ASSERTIONS = NO;
				GCC_C_LANGUAGE_STANDARD = gnu99;
				GCC_WARN_64_TO_32_BIT_CONVERSION = YES;
				GCC_WARN_ABOUT_RETURN_TYPE = YES_ERROR;
				GCC_WARN_UNDECLARED_SELECTOR = YES;
				GCC_WARN_UNINITIALIZED_AUTOS = YES_AGGRESSIVE;
				GCC_WARN_UNUSED_FUNCTION = YES;
				GCC_WARN_UNUSED_VARIABLE = YES;
				IPHONEOS_DEPLOYMENT_TARGET = 7.1;
				SDKROOT = iphoneos;
				TARGETED_DEVICE_FAMILY = "1,2";
				VALIDATE_PRODUCT = YES;
			};
			name = Release;
		};
		2C69F53319D07AED0061401C /* Debug */ = {
			isa = XCBuildConfiguration;
			baseConfigurationReference = 77E8646BC1F46F05F11EA519 /* Pods-LibraryMasterDetail.debug.xcconfig */;
			buildSettings = {
				ASSETCATALOG_COMPILER_APPICON_NAME = AppIcon;
				ASSETCATALOG_COMPILER_LAUNCHIMAGE_NAME = LaunchImage;
				CODE_SIGN_IDENTITY = "iPhone Developer";
				"CODE_SIGN_IDENTITY[sdk=iphoneos*]" = "iPhone Developer";
				GCC_PRECOMPILE_PREFIX_HEADER = YES;
				GCC_PREFIX_HEADER = "LibraryMasterDetail/LibraryMasterDetail-Prefix.pch";
				HEADER_SEARCH_PATHS = (
					"$(inherited)",
					/Applications/Xcode.app/Contents/Developer/Toolchains/XcodeDefault.xctoolchain/usr/include,
					/usr/include/libxml2,
				);
				"HEADER_SEARCH_PATHS[arch=*]" = (
					"$(inherited)",
					/Applications/Xcode.app/Contents/Developer/Toolchains/XcodeDefault.xctoolchain/usr/include,
					/usr/include/libxml2,
				);
				INFOPLIST_FILE = "LibraryMasterDetail/LibraryMasterDetail-Info.plist";
				PRODUCT_NAME = BCPL;
				PROVISIONING_PROFILE = "";
				WRAPPER_EXTENSION = app;
			};
			name = Debug;
		};
		2C69F53419D07AED0061401C /* Release */ = {
			isa = XCBuildConfiguration;
			baseConfigurationReference = 595F01248467067C6B127EA2 /* Pods-LibraryMasterDetail.release.xcconfig */;
			buildSettings = {
				ASSETCATALOG_COMPILER_APPICON_NAME = AppIcon;
				ASSETCATALOG_COMPILER_LAUNCHIMAGE_NAME = LaunchImage;
				CODE_SIGN_IDENTITY = "iPhone Developer";
				"CODE_SIGN_IDENTITY[sdk=iphoneos*]" = "iPhone Developer";
				GCC_PRECOMPILE_PREFIX_HEADER = YES;
				GCC_PREFIX_HEADER = "LibraryMasterDetail/LibraryMasterDetail-Prefix.pch";
				HEADER_SEARCH_PATHS = (
					"$(inherited)",
					/Applications/Xcode.app/Contents/Developer/Toolchains/XcodeDefault.xctoolchain/usr/include,
					/usr/include/libxml2,
				);
				INFOPLIST_FILE = "LibraryMasterDetail/LibraryMasterDetail-Info.plist";
				PRODUCT_NAME = BCPL;
				PROVISIONING_PROFILE = "";
				WRAPPER_EXTENSION = app;
			};
			name = Release;
		};
		2C69F53619D07AED0061401C /* Debug */ = {
			isa = XCBuildConfiguration;
			buildSettings = {
				BUNDLE_LOADER = "$(BUILT_PRODUCTS_DIR)/LibraryMasterDetail.app/LibraryMasterDetail";
				FRAMEWORK_SEARCH_PATHS = (
					"$(SDKROOT)/Developer/Library/Frameworks",
					"$(inherited)",
					"$(DEVELOPER_FRAMEWORKS_DIR)",
				);
				GCC_PRECOMPILE_PREFIX_HEADER = YES;
				GCC_PREFIX_HEADER = "LibraryMasterDetail/LibraryMasterDetail-Prefix.pch";
				GCC_PREPROCESSOR_DEFINITIONS = (
					"DEBUG=1",
					"$(inherited)",
				);
				INFOPLIST_FILE = "LibraryMasterDetailTests/LibraryMasterDetailTests-Info.plist";
				PRODUCT_NAME = "$(TARGET_NAME)";
				TEST_HOST = "$(BUNDLE_LOADER)";
				WRAPPER_EXTENSION = xctest;
			};
			name = Debug;
		};
		2C69F53719D07AED0061401C /* Release */ = {
			isa = XCBuildConfiguration;
			buildSettings = {
				BUNDLE_LOADER = "$(BUILT_PRODUCTS_DIR)/LibraryMasterDetail.app/LibraryMasterDetail";
				FRAMEWORK_SEARCH_PATHS = (
					"$(SDKROOT)/Developer/Library/Frameworks",
					"$(inherited)",
					"$(DEVELOPER_FRAMEWORKS_DIR)",
				);
				GCC_PRECOMPILE_PREFIX_HEADER = YES;
				GCC_PREFIX_HEADER = "LibraryMasterDetail/LibraryMasterDetail-Prefix.pch";
				INFOPLIST_FILE = "LibraryMasterDetailTests/LibraryMasterDetailTests-Info.plist";
				PRODUCT_NAME = "$(TARGET_NAME)";
				TEST_HOST = "$(BUNDLE_LOADER)";
				WRAPPER_EXTENSION = xctest;
			};
			name = Release;
		};
/* End XCBuildConfiguration section */

/* Begin XCConfigurationList section */
		2C69F4F519D07AEC0061401C /* Build configuration list for PBXProject "LibraryMasterDetail" */ = {
			isa = XCConfigurationList;
			buildConfigurations = (
				2C69F53019D07AED0061401C /* Debug */,
				2C69F53119D07AED0061401C /* Release */,
			);
			defaultConfigurationIsVisible = 0;
			defaultConfigurationName = Release;
		};
		2C69F53219D07AED0061401C /* Build configuration list for PBXNativeTarget "LibraryMasterDetail" */ = {
			isa = XCConfigurationList;
			buildConfigurations = (
				2C69F53319D07AED0061401C /* Debug */,
				2C69F53419D07AED0061401C /* Release */,
			);
			defaultConfigurationIsVisible = 0;
			defaultConfigurationName = Release;
		};
		2C69F53519D07AED0061401C /* Build configuration list for PBXNativeTarget "LibraryMasterDetailTests" */ = {
			isa = XCConfigurationList;
			buildConfigurations = (
				2C69F53619D07AED0061401C /* Debug */,
				2C69F53719D07AED0061401C /* Release */,
			);
			defaultConfigurationIsVisible = 0;
			defaultConfigurationName = Release;
		};
/* End XCConfigurationList section */
	};
	rootObject = 2C69F4F219D07AEC0061401C /* Project object */;
}
